
Microsoft Visual Studio Solution File, Format Version 12.00
# Visual Studio 14
VisualStudioVersion = 14.0.25123.0
MinimumVisualStudioVersion = 10.0.40219.1
Project("{8BC9CEB8-8B4A-11D0-8D11-00A0C91BC942}") = "Test App", "Test App\Test App.vcxproj", "{DD95711C-2E29-4A91-BB3D-BB90EFA5B77D}"
EndProject
Global
	GlobalSection(SolutionConfigurationPlatforms) = preSolution
		Debug|ARM = Debug|ARM
		Debug|x64 = Debug|x64
		Debug|x86 = Debug|x86
		Release|ARM = Release|ARM
		Release|x64 = Release|x64
		Release|x86 = Release|x86
	EndGlobalSection
	GlobalSection(ProjectConfigurationPlatforms) = postSolution
		{DD95711C-2E29-4A91-BB3D-BB90EFA5B77D}.Debug|ARM.ActiveCfg = Debug|ARM
		{DD95711C-2E29-4A91-BB3D-BB90EFA5B77D}.Debug|ARM.Build.0 = Debug|ARM
		{DD95711C-2E29-4A91-BB3D-BB90EFA5B77D}.Debug|ARM.Deploy.0 = Debug|ARM
		{DD95711C-2E29-4A91-BB3D-BB90EFA5B77D}.Debug|x64.ActiveCfg = Debug|x64
		{DD95711C-2E29-4A91-BB3D-BB90EFA5B77D}.Debug|x64.Build.0 = Debug|x64
		{DD95711C-2E29-4A91-BB3D-BB90EFA5B77D}.Debug|x64.Deploy.0 = Debug|x64
		{DD95711C-2E29-4A91-BB3D-BB90EFA5B77D}.Debug|x86.ActiveCfg = Debug|Win32
		{DD95711C-2E29-4A91-BB3D-BB90EFA5B77D}.Debug|x86.Build.0 = Debug|Win32
		{DD95711C-2E29-4A91-BB3D-BB90EFA5B77D}.Debug|x86.Deploy.0 = Debug|Win32
		{DD95711C-2E29-4A91-BB3D-BB90EFA5B77D}.Release|ARM.ActiveCfg = Release|ARM
		{DD95711C-2E29-4A91-BB3D-BB90EFA5B77D}.Release|ARM.Build.0 = Release|ARM
		{DD95711C-2E29-4A91-BB3D-BB90EFA5B77D}.Release|ARM.Deploy.0 = Release|ARM
		{DD95711C-2E29-4A91-BB3D-BB90EFA5B77D}.Release|x64.ActiveCfg = Release|x64
		{DD95711C-2E29-4A91-BB3D-BB90EFA5B77D}.Release|x64.Build.0 = Release|x64
		{DD95711C-2E29-4A91-BB3D-BB90EFA5B77D}.Release|x64.Deploy.0 = Release|x64
		{DD95711C-2E29-4A91-BB3D-BB90EFA5B77D}.Release|x86.ActiveCfg = Release|Win32
		{DD95711C-2E29-4A91-BB3D-BB90EFA5B77D}.Release|x86.Build.0 = Release|Win32
		{DD95711C-2E29-4A91-BB3D-BB90EFA5B77D}.Release|x86.Deploy.0 = Release|Win32
	EndGlobalSection
	GlobalSection(SolutionProperties) = preSolution
		HideSolutionNode = FALSE
	EndGlobalSection
EndGlobal
